version = 1
requires-python = ">=3.8"

[[package]]
name = "polars"
version = "0.20.13"
source = { registry = "https://pypi.org/simple" }
sdist = { url = "https://files.pythonhosted.org/packages/22/e5/fbcb1f4edb3f5084c9ca818c1add0457fad554b2183ca87f7d40af5a804d/polars-0.20.13.tar.gz", hash = "sha256:b3115c7499705d8f1a790add5806747a2eb3f19660d277e8e823199dcb66aeaf", size = 3306833 }
wheels = [
    { url = "https://files.pythonhosted.org/packages/af/49/476e176a703f84b685121396c3f1eb01ec1418f18e1fa357ac99cc67924f/polars-0.20.13-cp38-abi3-macosx_10_12_x86_64.whl", hash = "sha256:63bb00eb32b151a949666f8ae050bd09159bca572c0eab17a17abe6ac50fc8e0", size = 24816727 },
    { url = "https://files.pythonhosted.org/packages/a7/c8/acc5819859726cf9547626dbf37b53959a0e903434012b3773ceea8078b6/polars-0.20.13-cp38-abi3-macosx_11_0_arm64.whl", hash = "sha256:4ed694808252968dcda486dcd6009b8230bada83924d4f5d3359dbe3db6ab8e5", size = 24469664 },
    { url = "https://files.pythonhosted.org/packages/61/84/888d1c8da221917bb3ec72adea5aa0ae0523a07ff6b1473be3a9c2e283df/polars-0.20.13-cp38-abi3-manylinux_2_17_x86_64.manylinux2014_x86_64.whl", hash = "sha256:1557e8947a263cefc1937cd047800678fbae8c9a475e6dada5b7dc6557180a4f", size = 25727468 },
    { url = "https://files.pythonhosted.org/packages/4b/5d/a6587e4ed661a4d1e76ab6677d0016cfcbbb1e50986d257f4736338cf28d/polars-0.20.13-cp38-abi3-manylinux_2_24_aarch64.whl", hash = "sha256:8694d6fc307256e9e36b03975ccc89ce89290d6d661f75eb60e14e304d1e0968", size = 26190157 },
    { url = "https://files.pythonhosted.org/packages/00/3b/587f554534a8855d48f28cb09e33f3531e0e7f554d7a8a670716b35b36f9/polars-0.20.13-cp38-abi3-win_amd64.whl", hash = "sha256:3917868d0a0331436a426f7acda24b2806e7f2458ee91f581d44765c9e87abe8", size = 25522595 },
]

[[package]]
name = "risteys-analytics2"
version = "0.1.0"
source = { editable = "." }
dependencies = [
    { name = "polars" },
]

[package.metadata]
requires-dist = [{ name = "polars", specifier = "==0.20.13" }]
